
Microsoft Visual Studio Solution File, Format Version 12.00
# Visual Studio Version 17
VisualStudioVersion = 17.5.33424.131
MinimumVisualStudioVersion = 10.0.40219.1
Project("{8BC9CEB8-8B4A-11D0-8D11-00A0C91BC942}") = "110_Pointer", "110_Pointer\110_Pointer.vcxproj", "{0D62C24F-307A-4AA6-AE96-5167CB1FE6AB}"
EndProject
Global
	GlobalSection(SolutionConfigurationPlatforms) = preSolution
		Debug|x64 = Debug|x64
		Debug|x86 = Debug|x86
		Release|x64 = Release|x64
		Release|x86 = Release|x86
	EndGlobalSection
	GlobalSection(ProjectConfigurationPlatforms) = postSolution
		{0D62C24F-307A-4AA6-AE96-5167CB1FE6AB}.Debug|x64.ActiveCfg = Debug|x64
		{0D62C24F-307A-4AA6-AE96-5167CB1FE6AB}.Debug|x64.Build.0 = Debug|x64
		{0D62C24F-307A-4AA6-AE96-5167CB1FE6AB}.Debug|x86.ActiveCfg = Debug|Win32
		{0D62C24F-307A-4AA6-AE96-5167CB1FE6AB}.Debug|x86.Build.0 = Debug|Win32
		{0D62C24F-307A-4AA6-AE96-5167CB1FE6AB}.Release|x64.ActiveCfg = Release|x64
		{0D62C24F-307A-4AA6-AE96-5167CB1FE6AB}.Release|x64.Build.0 = Release|x64
		{0D62C24F-307A-4AA6-AE96-5167CB1FE6AB}.Release|x86.ActiveCfg = Release|Win32
		{0D62C24F-307A-4AA6-AE96-5167CB1FE6AB}.Release|x86.Build.0 = Release|Win32
	EndGlobalSection
	GlobalSection(SolutionProperties) = preSolution
		HideSolutionNode = FALSE
	EndGlobalSection
	GlobalSection(ExtensibilityGlobals) = postSolution
		SolutionGuid = {B31C4555-E3BD-4098-B143-DAF2E54A9B7D}
	EndGlobalSection
EndGlobal
